{
  "originHash" : "5a106395cc5ff358b8bf9daea4687a8343f99f9eb3c9ab5c38aed2baeefe85e7",
  "pins" : [
    {
      "identity" : "cc-transcript",
      "kind" : "remoteSourceControl",
      "location" : "https://github.com/yasyf/cc-transcript.git",
      "state" : {
        "revision" : "dadcda0b98d7abaaf30d38677cb762ffa0ec72eb"
      }
    },
    {
      "identity" : "daemonkit",
      "kind" : "remoteSourceControl",
      "location" : "https://github.com/yasyf/daemonkit.git",
      "state" : {
        "revision" : "2e200b9e92b146ac395e34471a83c05c942eb9d7",
        "version" : "0.18.0"
      }
    },
    {
      "identity" : "swift-argument-parser",
      "kind" : "remoteSourceControl",
      "location" : "https://github.com/apple/swift-argument-parser.git",
      "state" : {
        "revision" : "6a52f3251125d74daf04fcbd5e6f08a75d074382",
        "version" : "1.8.2"
      }
    }
  ],
  "version" : 3
}
