{
  "originHash" : "ef3d3230cb0651b4989e28e31cccd581c44183cdc586a1b03c99a8af0e193eed",
  "pins" : [
    {
      "identity" : "cc-transcript",
      "kind" : "remoteSourceControl",
      "location" : "https://github.com/yasyf/cc-transcript.git",
      "state" : {
        "revision" : "e04b44cdb5596e84940027abeab6dc6842e89f5b"
      }
    },
    {
      "identity" : "swift-argument-parser",
      "kind" : "remoteSourceControl",
      "location" : "https://github.com/apple/swift-argument-parser.git",
      "state" : {
        "revision" : "6a52f3251125d74daf04fcbd5e6f08a75d074382",
        "version" : "1.8.2"
      }
    }
  ],
  "version" : 3
}
