{
  "originHash" : "229c12aefb38dcc11f6a77b6136b05f45df4751e7b0ceffb2ffc904324c117f4",
  "pins" : [
    {
      "identity" : "cc-transcript",
      "kind" : "remoteSourceControl",
      "location" : "https://github.com/yasyf/cc-transcript.git",
      "state" : {
        "revision" : "dba786bd1c0b3028561e3851af0b9bd02910a563"
      }
    },
    {
      "identity" : "swift-argument-parser",
      "kind" : "remoteSourceControl",
      "location" : "https://github.com/apple/swift-argument-parser.git",
      "state" : {
        "revision" : "6a52f3251125d74daf04fcbd5e6f08a75d074382",
        "version" : "1.8.2"
      }
    }
  ],
  "version" : 3
}
